
Microsoft Visual Studio Solution File, Format Version 12.00
# Visual Studio Version 17
VisualStudioVersion = 17.6.33723.286
MinimumVisualStudioVersion = 10.0.40219.1
Project("{FAE04EC0-301F-11D3-BF4B-00C04F79EFBC}") = "Examen1_PograII", "Examen1_PograII\Examen1_PograII.csproj", "{08B7CC90-D40C-4A8C-B43B-C8B184B74059}"
EndProject
Global
	GlobalSection(SolutionConfigurationPlatforms) = preSolution
		Debug|Any CPU = Debug|Any CPU
		Release|Any CPU = Release|Any CPU
	EndGlobalSection
	GlobalSection(ProjectConfigurationPlatforms) = postSolution
		{08B7CC90-D40C-4A8C-B43B-C8B184B74059}.Debug|Any CPU.ActiveCfg = Debug|Any CPU
		{08B7CC90-D40C-4A8C-B43B-C8B184B74059}.Debug|Any CPU.Build.0 = Debug|Any CPU
		{08B7CC90-D40C-4A8C-B43B-C8B184B74059}.Release|Any CPU.ActiveCfg = Release|Any CPU
		{08B7CC90-D40C-4A8C-B43B-C8B184B74059}.Release|Any CPU.Build.0 = Release|Any CPU
	EndGlobalSection
	GlobalSection(SolutionProperties) = preSolution
		HideSolutionNode = FALSE
	EndGlobalSection
	GlobalSection(ExtensibilityGlobals) = postSolution
		SolutionGuid = {213ECE90-AB78-4AED-8A4E-93C97889E2F8}
	EndGlobalSection
EndGlobal
